// !$*UTF8*$!
{
	archiveVersion = 1;
	classes = {
	};
	objectVersion = 46;
	objects = {

/* Begin PBXBuildFile section */
		BDD5D66B1DB53ACF008D548E /* AppDelegate.swift in Sources */ = {isa = PBXBuildFile; fileRef = BDD5D66A1DB53ACF008D548E /* AppDelegate.swift */; };
		BDD5D66D1DB53ACF008D548E /* ViewController.swift in Sources */ = {isa = PBXBuildFile; fileRef = BDD5D66C1DB53ACF008D548E /* ViewController.swift */; };
		BDD5D6701DB53ACF008D548E /* Main.storyboard in Resources */ = {isa = PBXBuildFile; fileRef = BDD5D66E1DB53ACF008D548E /* Main.storyboard */; };
		BDD5D6721DB53ACF008D548E /* Assets.xcassets in Resources */ = {isa = PBXBuildFile; fileRef = BDD5D6711DB53ACF008D548E /* Assets.xcassets */; };
		BDD5D6751DB53ACF008D548E /* LaunchScreen.storyboard in Resources */ = {isa = PBXBuildFile; fileRef = BDD5D6731DB53ACF008D548E /* LaunchScreen.storyboard */; };
		BDD5D67D1DB53E81008D548E /* Line.swift in Sources */ = {isa = PBXBuildFile; fileRef = BDD5D67C1DB53E81008D548E /* Line.swift */; };
		BDD5D67F1DB540F3008D548E /* DrawView.swift in Sources */ = {isa = PBXBuildFile; fileRef = BDD5D67E1DB540F3008D548E /* DrawView.swift */; };
/* End PBXBuildFile section */

/* Begin PBXFileReference section */
		BDD5D6671DB53ACF008D548E /* TouchTracker.app */ = {isa = PBXFileReference; explicitFileType = wrapper.application; includeInIndex = 0; path = TouchTracker.app; sourceTree = BUILT_PRODUCTS_DIR; };
		BDD5D66A1DB53ACF008D548E /* AppDelegate.swift */ = {isa = PBXFileReference; lastKnownFileType = sourcecode.swift; path = AppDelegate.swift; sourceTree = "<group>"; };
		BDD5D66C1DB53ACF008D548E /* ViewController.swift */ = {isa = PBXFileReference; lastKnownFileType = sourcecode.swift; path = ViewController.swift; sourceTree = "<group>"; };
		BDD5D66F1DB53ACF008D548E /* Base */ = {isa = PBXFileReference; lastKnownFileType = file.storyboard; name = Base; path = Base.lproj/Main.storyboard; sourceTree = "<group>"; };
		BDD5D6711DB53ACF008D548E /* Assets.xcassets */ = {isa = PBXFileReference; lastKnownFileType = folder.assetcatalog; path = Assets.xcassets; sourceTree = "<group>"; };
		BDD5D6741DB53ACF008D548E /* Base */ = {isa = PBXFileReference; lastKnownFileType = file.storyboard; name = Base; path = Base.lproj/LaunchScreen.storyboard; sourceTree = "<group>"; };
		BDD5D6761DB53ACF008D548E /* Info.plist */ = {isa = PBXFileReference; lastKnownFileType = text.plist.xml; path = Info.plist; sourceTree = "<group>"; };
		BDD5D67C1DB53E81008D548E /* Line.swift */ = {isa = PBXFileReference; fileEncoding = 4; lastKnownFileType = sourcecode.swift; path = Line.swift; sourceTree = "<group>"; };
		BDD5D67E1DB540F3008D548E /* DrawView.swift */ = {isa = PBXFileReference; fileEncoding = 4; lastKnownFileType = sourcecode.swift; path = DrawView.swift; sourceTree = "<group>"; };
/* End PBXFileReference section */

/* Begin PBXFrameworksBuildPhase section */
		BDD5D6641DB53ACF008D548E /* Frameworks */ = {
			isa = PBXFrameworksBuildPhase;
			buildActionMask = 2147483647;
			files = (
			);
			runOnlyForDeploymentPostprocessing = 0;
		};
/* End PBXFrameworksBuildPhase section */

/* Begin PBXGroup section */
		BDD5D65E1DB53ACF008D548E = {
			isa = PBXGroup;
			children = (
				BDD5D6691DB53ACF008D548E /* TouchTracker */,
				BDD5D6681DB53ACF008D548E /* Products */,
			);
			sourceTree = "<group>";
		};
		BDD5D6681DB53ACF008D548E /* Products */ = {
			isa = PBXGroup;
			children = (
				BDD5D6671DB53ACF008D548E /* TouchTracker.app */,
			);
			name = Products;
			sourceTree = "<group>";
		};
		BDD5D6691DB53ACF008D548E /* TouchTracker */ = {
			isa = PBXGroup;
			children = (
				BDD5D66A1DB53ACF008D548E /* AppDelegate.swift */,
				BDD5D66C1DB53ACF008D548E /* ViewController.swift */,
				BDD5D66E1DB53ACF008D548E /* Main.storyboard */,
				BDD5D6711DB53ACF008D548E /* Assets.xcassets */,
				BDD5D6731DB53ACF008D548E /* LaunchScreen.storyboard */,
				BDD5D6761DB53ACF008D548E /* Info.plist */,
				BDD5D67C1DB53E81008D548E /* Line.swift */,
				BDD5D67E1DB540F3008D548E /* DrawView.swift */,
			);
			path = TouchTracker;
			sourceTree = "<group>";
		};
/* End PBXGroup section */

/* Begin PBXNativeTarget section */
		BDD5D6661DB53ACF008D548E /* TouchTracker */ = {
			isa = PBXNativeTarget;
			buildConfigurationList = BDD5D6791DB53ACF008D548E /* Build configuration list for PBXNativeTarget "TouchTracker" */;
			buildPhases = (
				BDD5D6631DB53ACF008D548E /* Sources */,
				BDD5D6641DB53ACF008D548E /* Frameworks */,
				BDD5D6651DB53ACF008D548E /* Resources */,
			);
			buildRules = (
			);
			dependencies = (
			);
			name = TouchTracker;
			productName = TouchTracker;
			productReference = BDD5D6671DB53ACF008D548E /* TouchTracker.app */;
			productType = "com.apple.product-type.application";
		};
/* End PBXNativeTarget section */

/* Begin PBXProject section */
		BDD5D65F1DB53ACF008D548E /* Project object */ = {
			isa = PBXProject;
			attributes = {
				LastSwiftUpdateCheck = 0800;
				LastUpgradeCheck = 0800;
				ORGANIZATIONNAME = "Christian Perrone";
				TargetAttributes = {
					BDD5D6661DB53ACF008D548E = {
						CreatedOnToolsVersion = 8.0;
						DevelopmentTeam = 2A7C9XFDQ7;
						ProvisioningStyle = Automatic;
					};
				};
			};
			buildConfigurationList = BDD5D6621DB53ACF008D548E /* Build configuration list for PBXProject "TouchTracker" */;
			compatibilityVersion = "Xcode 3.2";
			developmentRegion = English;
			hasScannedForEncodings = 0;
			knownRegions = (
				en,
				Base,
			);
			mainGroup = BDD5D65E1DB53ACF008D548E;
			productRefGroup = BDD5D6681DB53ACF008D548E /* Products */;
			projectDirPath = "";
			projectRoot = "";
			targets = (
				BDD5D6661DB53ACF008D548E /* TouchTracker */,
			);
		};
/* End PBXProject section */

/* Begin PBXResourcesBuildPhase section */
		BDD5D6651DB53ACF008D548E /* Resources */ = {
			isa = PBXResourcesBuildPhase;
			buildActionMask = 2147483647;
			files = (
				BDD5D6751DB53ACF008D548E /* LaunchScreen.storyboard in Resources */,
				BDD5D6721DB53ACF008D548E /* Assets.xcassets in Resources */,
				BDD5D6701DB53ACF008D548E /* Main.storyboard in Resources */,
			);
			runOnlyForDeploymentPostprocessing = 0;
		};
/* End PBXResourcesBuildPhase section */

/* Begin PBXSourcesBuildPhase section */
		BDD5D6631DB53ACF008D548E /* Sources */ = {
			isa = PBXSourcesBuildPhase;
			buildActionMask = 2147483647;
			files = (
				BDD5D67D1DB53E81008D548E /* Line.swift in Sources */,
				BDD5D66D1DB53ACF008D548E /* ViewController.swift in Sources */,
				BDD5D67F1DB540F3008D548E /* DrawView.swift in Sources */,
				BDD5D66B1DB53ACF008D548E /* AppDelegate.swift in Sources */,
			);
			runOnlyForDeploymentPostprocessing = 0;
		};
/* End PBXSourcesBuildPhase section */

/* Begin PBXVariantGroup section */
		BDD5D66E1DB53ACF008D548E /* Main.storyboard */ = {
			isa = PBXVariantGroup;
			children = (
				BDD5D66F1DB53ACF008D548E /* Base */,
			);
			name = Main.storyboard;
			sourceTree = "<group>";
		};
		BDD5D6731DB53ACF008D548E /* LaunchScreen.storyboard */ = {
			isa = PBXVariantGroup;
			children = (
				BDD5D6741DB53ACF008D548E /* Base */,
			);
			name = LaunchScreen.storyboard;
			sourceTree = "<group>";
		};
/* End PBXVariantGroup section */

/* Begin XCBuildConfiguration section */
		BDD5D6771DB53ACF008D548E /* Debug */ = {
			isa = XCBuildConfiguration;
			buildSettings = {
				ALWAYS_SEARCH_USER_PATHS = NO;
				CLANG_ANALYZER_NONNULL = YES;
				CLANG_CXX_LANGUAGE_STANDARD = "gnu++0x";
				CLANG_CXX_LIBRARY = "libc++";
				CLANG_ENABLE_MODULES = YES;
				CLANG_ENABLE_OBJC_ARC = YES;
				CLANG_WARN_BOOL_CONVERSION = YES;
				CLANG_WARN_CONSTANT_CONVERSION = YES;
				CLANG_WARN_DIRECT_OBJC_ISA_USAGE = YES_ERROR;
				CLANG_WARN_DOCUMENTATION_COMMENTS = YES;
				CLANG_WARN_EMPTY_BODY = YES;
				CLANG_WARN_ENUM_CONVERSION = YES;
				CLANG_WARN_INFINITE_RECURSION = YES;
				CLANG_WARN_INT_CONVERSION = YES;
				CLANG_WARN_OBJC_ROOT_CLASS = YES_ERROR;
				CLANG_WARN_SUSPICIOUS_MOVES = YES;
				CLANG_WARN_UNREACHABLE_CODE = YES;
				CLANG_WARN__DUPLICATE_METHOD_MATCH = YES;
				"CODE_SIGN_IDENTITY[sdk=iphoneos*]" = "iPhone Developer";
				COPY_PHASE_STRIP = NO;
				DEBUG_INFORMATION_FORMAT = dwarf;
				ENABLE_STRICT_OBJC_MSGSEND = YES;
				ENABLE_TESTABILITY = YES;
				GCC_C_LANGUAGE_STANDARD = gnu99;
				GCC_DYNAMIC_NO_PIC = NO;
				GCC_NO_COMMON_BLOCKS = YES;
				GCC_OPTIMIZATION_LEVEL = 0;
				GCC_PREPROCESSOR_DEFINITIONS = (
					"DEBUG=1",
					"$(inherited)",
				);
				GCC_WARN_64_TO_32_BIT_CONVERSION = YES;
				GCC_WARN_ABOUT_RETURN_TYPE = YES_ERROR;
				GCC_WARN_UNDECLARED_SELECTOR = YES;
				GCC_WARN_UNINITIALIZED_AUTOS = YES_AGGRESSIVE;
				GCC_WARN_UNUSED_FUNCTION = YES;
				GCC_WARN_UNUSED_VARIABLE = YES;
				IPHONEOS_DEPLOYMENT_TARGET = 10.0;
				MTL_ENABLE_DEBUG_INFO = YES;
				ONLY_ACTIVE_ARCH = YES;
				SDKROOT = iphoneos;
				SWIFT_ACTIVE_COMPILATION_CONDITIONS = DEBUG;
				SWIFT_OPTIMIZATION_LEVEL = "-Onone";
			};
			name = Debug;
		};
		BDD5D6781DB53ACF008D548E /* Release */ = {
			isa = XCBuildConfiguration;
			buildSettings = {
				ALWAYS_SEARCH_USER_PATHS = NO;
				CLANG_ANALYZER_NONNULL = YES;
				CLANG_CXX_LANGUAGE_STANDARD = "gnu++0x";
				CLANG_CXX_LIBRARY = "libc++";
				CLANG_ENABLE_MODULES = YES;
				CLANG_ENABLE_OBJC_ARC = YES;
				CLANG_WARN_BOOL_CONVERSION = YES;
				CLANG_WARN_CONSTANT_CONVERSION = YES;
				CLANG_WARN_DIRECT_OBJC_ISA_USAGE = YES_ERROR;
				CLANG_WARN_DOCUMENTATION_COMMENTS = YES;
				CLANG_WARN_EMPTY_BODY = YES;
				CLANG_WARN_ENUM_CONVERSION = YES;
				CLANG_WARN_INFINITE_RECURSION = YES;
				CLANG_WARN_INT_CONVERSION = YES;
				CLANG_WARN_OBJC_ROOT_CLASS = YES_ERROR;
				CLANG_WARN_SUSPICIOUS_MOVES = YES;
				CLANG_WARN_UNREACHABLE_CODE = YES;
				CLANG_WARN__DUPLICATE_METHOD_MATCH = YES;
				"CODE_SIGN_IDENTITY[sdk=iphoneos*]" = "iPhone Developer";
				COPY_PHASE_STRIP = NO;
				DEBUG_INFORMATION_FORMAT = "dwarf-with-dsym";
				ENABLE_NS_ASSERTIONS = NO;
				ENABLE_STRICT_OBJC_MSGSEND = YES;
				GCC_C_LANGUAGE_STANDARD = gnu99;
				GCC_NO_COMMON_BLOCKS = YES;
				GCC_WARN_64_TO_32_BIT_CONVERSION = YES;
				GCC_WARN_ABOUT_RETURN_TYPE = YES_ERROR;
				GCC_WARN_UNDECLARED_SELECTOR = YES;
				GCC_WARN_UNINITIALIZED_AUTOS = YES_AGGRESSIVE;
				GCC_WARN_UNUSED_FUNCTION = YES;
				GCC_WARN_UNUSED_VARIABLE = YES;
				IPHONEOS_DEPLOYMENT_TARGET = 10.0;
				MTL_ENABLE_DEBUG_INFO = NO;
				SDKROOT = iphoneos;
				SWIFT_OPTIMIZATION_LEVEL = "-Owholemodule";
				VALIDATE_PRODUCT = YES;
			};
			name = Release;
		};
		BDD5D67A1DB53ACF008D548E /* Debug */ = {
			isa = XCBuildConfiguration;
			buildSettings = {
				ASSETCATALOG_COMPILER_APPICON_NAME = AppIcon;
				DEVELOPMENT_TEAM = 2A7C9XFDQ7;
				INFOPLIST_FILE = TouchTracker/Info.plist;
				LD_RUNPATH_SEARCH_PATHS = "$(inherited) @executable_path/Frameworks";
				PRODUCT_BUNDLE_IDENTIFIER = com.aprendendo.TouchTracker;
				PRODUCT_NAME = "$(TARGET_NAME)";
				SWIFT_VERSION = 3.0;
			};
			name = Debug;
		};
		BDD5D67B1DB53ACF008D548E /* Release */ = {
			isa = XCBuildConfiguration;
			buildSettings = {
				ASSETCATALOG_COMPILER_APPICON_NAME = AppIcon;
				DEVELOPMENT_TEAM = 2A7C9XFDQ7;
				INFOPLIST_FILE = TouchTracker/Info.plist;
				LD_RUNPATH_SEARCH_PATHS = "$(inherited) @executable_path/Frameworks";
				PRODUCT_BUNDLE_IDENTIFIER = com.aprendendo.TouchTracker;
				PRODUCT_NAME = "$(TARGET_NAME)";
				SWIFT_VERSION = 3.0;
			};
			name = Release;
		};
/* End XCBuildConfiguration section */

/* Begin XCConfigurationList section */
		BDD5D6621DB53ACF008D548E /* Build configuration list for PBXProject "TouchTracker" */ = {
			isa = XCConfigurationList;
			buildConfigurations = (
				BDD5D6771DB53ACF008D548E /* Debug */,
				BDD5D6781DB53ACF008D548E /* Release */,
			);
			defaultConfigurationIsVisible = 0;
			defaultConfigurationName = Release;
		};
		BDD5D6791DB53ACF008D548E /* Build configuration list for PBXNativeTarget "TouchTracker" */ = {
			isa = XCConfigurationList;
			buildConfigurations = (
				BDD5D67A1DB53ACF008D548E /* Debug */,
				BDD5D67B1DB53ACF008D548E /* Release */,
			);
			defaultConfigurationIsVisible = 0;
		};
/* End XCConfigurationList section */
	};
	rootObject = BDD5D65F1DB53ACF008D548E /* Project object */;
}
